
Microsoft Visual Studio Solution File, Format Version 12.00
# Visual Studio 15
VisualStudioVersion = 15.0.27130.2026
MinimumVisualStudioVersion = 10.0.40219.1
Project("{FAE04EC0-301F-11D3-BF4B-00C04F79EFBC}") = "MaterialDesign", "MaterialDesign\MaterialDesign.csproj", "{A8BFC5C1-1AFD-4F19-A68C-1AA1896A6302}"
EndProject
Global
	GlobalSection(SolutionConfigurationPlatforms) = preSolution
		Debug|Any CPU = Debug|Any CPU
		Release|Any CPU = Release|Any CPU
	EndGlobalSection
	GlobalSection(ProjectConfigurationPlatforms) = postSolution
		{A8BFC5C1-1AFD-4F19-A68C-1AA1896A6302}.Debug|Any CPU.ActiveCfg = Debug|Any CPU
		{A8BFC5C1-1AFD-4F19-A68C-1AA1896A6302}.Debug|Any CPU.Build.0 = Debug|Any CPU
		{A8BFC5C1-1AFD-4F19-A68C-1AA1896A6302}.Debug|Any CPU.Deploy.0 = Debug|Any CPU
		{A8BFC5C1-1AFD-4F19-A68C-1AA1896A6302}.Release|Any CPU.ActiveCfg = Release|Any CPU
		{A8BFC5C1-1AFD-4F19-A68C-1AA1896A6302}.Release|Any CPU.Build.0 = Release|Any CPU
		{A8BFC5C1-1AFD-4F19-A68C-1AA1896A6302}.Release|Any CPU.Deploy.0 = Release|Any CPU
	EndGlobalSection
	GlobalSection(SolutionProperties) = preSolution
		HideSolutionNode = FALSE
	EndGlobalSection
	GlobalSection(ExtensibilityGlobals) = postSolution
		SolutionGuid = {CDAD28DD-4F85-475A-B51B-5DEEC9CFC961}
	EndGlobalSection
EndGlobal
